// !$*UTF8*$!
{
	archiveVersion = 1;
	classes = {
	};
	objectVersion = 56;
	objects = {

/* Begin PBXBuildFile section */
		074564DC2FB2779D00A44341 /* Assets.xcassets in Resources */ = {isa = PBXBuildFile; fileRef = 074564DB2FB2779D00A44341 /* Assets.xcassets */; };
		074564DF2FB2779D00A44341 /* Preview Assets.xcassets in Resources */ = {isa = PBXBuildFile; fileRef = 074564DE2FB2779D00A44341 /* Preview Assets.xcassets */; };
		074564F32FB2788D00A44341 /* ManagedSettings.framework in Frameworks */ = {isa = PBXBuildFile; fileRef = 074564F22FB2788D00A44341 /* ManagedSettings.framework */; };
		074564FB2FB2788D00A44341 /* ShieldActionExtension.appex in Embed Foundation Extensions */ = {isa = PBXBuildFile; fileRef = 074564F02FB2788D00A44341 /* ShieldActionExtension.appex */; settings = {ATTRIBUTES = (RemoveHeadersOnCopy, ); }; };
		074565052FB278A500A44341 /* ManagedSettings.framework in Frameworks */ = {isa = PBXBuildFile; fileRef = 074564F22FB2788D00A44341 /* ManagedSettings.framework */; };
		074565072FB278A500A44341 /* ManagedSettingsUI.framework in Frameworks */ = {isa = PBXBuildFile; fileRef = 074565062FB278A500A44341 /* ManagedSettingsUI.framework */; };
		0745650F2FB278A500A44341 /* ShieldConfigurationExtension.appex in Embed Foundation Extensions */ = {isa = PBXBuildFile; fileRef = 074565042FB278A500A44341 /* ShieldConfigurationExtension.appex */; settings = {ATTRIBUTES = (RemoveHeadersOnCopy, ); }; };
		074565192FB278BB00A44341 /* DeviceActivity.framework in Frameworks */ = {isa = PBXBuildFile; fileRef = 074565182FB278BB00A44341 /* DeviceActivity.framework */; };
		074565212FB278BB00A44341 /* DeviceActivityMonitorExtension.appex in Embed Foundation Extensions */ = {isa = PBXBuildFile; fileRef = 074565172FB278BB00A44341 /* DeviceActivityMonitorExtension.appex */; settings = {ATTRIBUTES = (RemoveHeadersOnCopy, ); }; };
		0745652A2FB27A8500A44341 /* ApplicationProfile.swift in Sources */ = {isa = PBXBuildFile; fileRef = 074565272FB27A8500A44341 /* ApplicationProfile.swift */; };
		0745652B2FB27A8500A44341 /* ApplicationProfile.swift in Sources */ = {isa = PBXBuildFile; fileRef = 074565272FB27A8500A44341 /* ApplicationProfile.swift */; };
		0745652C2FB27A8500A44341 /* ApplicationProfile.swift in Sources */ = {isa = PBXBuildFile; fileRef = 074565272FB27A8500A44341 /* ApplicationProfile.swift */; };
		0745652D2FB27A8500A44341 /* DataBase.swift in Sources */ = {isa = PBXBuildFile; fileRef = 074565282FB27A8500A44341 /* DataBase.swift */; };
		0745652E2FB27A8500A44341 /* DataBase.swift in Sources */ = {isa = PBXBuildFile; fileRef = 074565282FB27A8500A44341 /* DataBase.swift */; };
		0745652F2FB27A8500A44341 /* DataBase.swift in Sources */ = {isa = PBXBuildFile; fileRef = 074565282FB27A8500A44341 /* DataBase.swift */; };
		07611D2B2FB54F8300E4FC3B /* ShieldActionExtension.swift in Sources */ = {isa = PBXBuildFile; fileRef = 07611D2A2FB54F8300E4FC3B /* ShieldActionExtension.swift */; };
		07611D2D2FB54FAC00E4FC3B /* ShieldConfigurationExtension.swift in Sources */ = {isa = PBXBuildFile; fileRef = 07611D2C2FB54FAC00E4FC3B /* ShieldConfigurationExtension.swift */; };
		07611D2F2FB54FEF00E4FC3B /* DeviceActivityMonitorExtension.swift in Sources */ = {isa = PBXBuildFile; fileRef = 07611D2E2FB54FEF00E4FC3B /* DeviceActivityMonitorExtension.swift */; };
		076683D82FBBDBED0036D77D /* auto4.mp4 in Resources */ = {isa = PBXBuildFile; fileRef = 076683CF2FBBDBED0036D77D /* auto4.mp4 */; };
		076683D92FBBDBED0036D77D /* big2.mp4 in Resources */ = {isa = PBXBuildFile; fileRef = 076683D32FBBDBED0036D77D /* big2.mp4 */; };
		076683DA2FBBDBED0036D77D /* big3.mp4 in Resources */ = {isa = PBXBuildFile; fileRef = 076683D42FBBDBED0036D77D /* big3.mp4 */; };
		076683DB2FBBDBED0036D77D /* auto6.mp4 in Resources */ = {isa = PBXBuildFile; fileRef = 076683D12FBBDBED0036D77D /* auto6.mp4 */; };
		076683DC2FBBDBED0036D77D /* auto1.mp4 in Resources */ = {isa = PBXBuildFile; fileRef = 076683CC2FBBDBED0036D77D /* auto1.mp4 */; };
		076683DD2FBBDBED0036D77D /* auto2.mp4 in Resources */ = {isa = PBXBuildFile; fileRef = 076683CD2FBBDBED0036D77D /* auto2.mp4 */; };
		076683DE2FBBDBED0036D77D /* auto5.mp4 in Resources */ = {isa = PBXBuildFile; fileRef = 076683D02FBBDBED0036D77D /* auto5.mp4 */; };
		076683DF2FBBDBED0036D77D /* launch.mp4 in Resources */ = {isa = PBXBuildFile; fileRef = 076683D62FBBDBED0036D77D /* launch.mp4 */; };
		076683E02FBBDBED0036D77D /* permissions.mp4 in Resources */ = {isa = PBXBuildFile; fileRef = 076683D72FBBDBED0036D77D /* permissions.mp4 */; };
		076683E12FBBDBED0036D77D /* auto3.mp4 in Resources */ = {isa = PBXBuildFile; fileRef = 076683CE2FBBDBED0036D77D /* auto3.mp4 */; };
		076683E22FBBDBED0036D77D /* big4.mp4 in Resources */ = {isa = PBXBuildFile; fileRef = 076683D52FBBDBED0036D77D /* big4.mp4 */; };
		076683E32FBBDBED0036D77D /* big1.mp4 in Resources */ = {isa = PBXBuildFile; fileRef = 076683D22FBBDBED0036D77D /* big1.mp4 */; };
		076683E52FBBDC100036D77D /* LoopingVideoPlayer.swift in Sources */ = {isa = PBXBuildFile; fileRef = 076683E42FBBDC100036D77D /* LoopingVideoPlayer.swift */; };
		076683E72FBBDC5D0036D77D /* OnboardingSlide.swift in Sources */ = {isa = PBXBuildFile; fileRef = 076683E62FBBDC5D0036D77D /* OnboardingSlide.swift */; };
		076683E92FBBDC730036D77D /* OnboardingView.swift in Sources */ = {isa = PBXBuildFile; fileRef = 076683E82FBBDC730036D77D /* OnboardingView.swift */; };
		078AD33D2FB41C41004E692B /* AppDatabase.swift in Sources */ = {isa = PBXBuildFile; fileRef = 078AD33C2FB41C41004E692B /* AppDatabase.swift */; };
		078AD33F2FB41C82004E692B /* ApplicationToken+Identifiable.swift in Sources */ = {isa = PBXBuildFile; fileRef = 078AD33E2FB41C82004E692B /* ApplicationToken+Identifiable.swift */; };
		078AD3412FB41CB7004E692B /* SharedDataManager.swift in Sources */ = {isa = PBXBuildFile; fileRef = 078AD3402FB41CB7004E692B /* SharedDataManager.swift */; };
		078AD3432FB41E80004E692B /* AppListViewModel.swift in Sources */ = {isa = PBXBuildFile; fileRef = 078AD3422FB41E80004E692B /* AppListViewModel.swift */; };
		078AD3452FB41E9B004E692B /* MainTabView.swift in Sources */ = {isa = PBXBuildFile; fileRef = 078AD3442FB41E9B004E692B /* MainTabView.swift */; };
		078AD3472FB41EB5004E692B /* LockedAppsView.swift in Sources */ = {isa = PBXBuildFile; fileRef = 078AD3462FB41EB5004E692B /* LockedAppsView.swift */; };
		078AD3492FB41EC9004E692B /* SettingsView.swift in Sources */ = {isa = PBXBuildFile; fileRef = 078AD3482FB41EC9004E692B /* SettingsView.swift */; };
		078AD34B2FB422AF004E692B /* TokenRowView.swift in Sources */ = {isa = PBXBuildFile; fileRef = 078AD34A2FB422AF004E692B /* TokenRowView.swift */; };
		078AD34D2FB422CF004E692B /* AppIdentifierView.swift in Sources */ = {isa = PBXBuildFile; fileRef = 078AD34C2FB422CF004E692B /* AppIdentifierView.swift */; };
		078AD34F2FB42443004E692B /* TokenTimerEditView.swift in Sources */ = {isa = PBXBuildFile; fileRef = 078AD34E2FB42443004E692B /* TokenTimerEditView.swift */; };
		078AD3512FB42C97004E692B /* AppDelegate.swift in Sources */ = {isa = PBXBuildFile; fileRef = 078AD3502FB42C97004E692B /* AppDelegate.swift */; };
		078AD3532FB42CB1004E692B /* Notification+BootUp.swift in Sources */ = {isa = PBXBuildFile; fileRef = 078AD3522FB42CB1004E692B /* Notification+BootUp.swift */; };
		078AD3562FB42F58004E692B /* ShieldLoadingView.swift in Sources */ = {isa = PBXBuildFile; fileRef = 078AD3552FB42F58004E692B /* ShieldLoadingView.swift */; };
		078AD3582FB4321B004E692B /* ShieldOrchestrator.swift in Sources */ = {isa = PBXBuildFile; fileRef = 078AD3572FB4321B004E692B /* ShieldOrchestrator.swift */; };
		078D7A602FB409E600752EDA /* BootUpApp.swift in Sources */ = {isa = PBXBuildFile; fileRef = 078D7A5F2FB409E600752EDA /* BootUpApp.swift */; };
		0797C91E2FB4161D0010D73E /* Color+Theme.swift in Sources */ = {isa = PBXBuildFile; fileRef = 0797C91D2FB4161D0010D73E /* Color+Theme.swift */; };
		07AFEE8A2FB90C4E009A52F0 /* LaunchWithBootUpIntent.swift in Sources */ = {isa = PBXBuildFile; fileRef = 07AFEE892FB90C4E009A52F0 /* LaunchWithBootUpIntent.swift */; };
		07C638912FBF7473007C4742 /* PrivacyInfo.xcprivacy in Resources */ = {isa = PBXBuildFile; fileRef = 07C638902FBF7473007C4742 /* PrivacyInfo.xcprivacy */; };
		07C638932FBF7482007C4742 /* PrivacyInfo.xcprivacy in Resources */ = {isa = PBXBuildFile; fileRef = 07C638922FBF7482007C4742 /* PrivacyInfo.xcprivacy */; };
		07C638952FBF748E007C4742 /* PrivacyInfo.xcprivacy in Resources */ = {isa = PBXBuildFile; fileRef = 07C638942FBF748E007C4742 /* PrivacyInfo.xcprivacy */; };
		07E705472FB915A700ED5F45 /* SharedDataManager.swift in Sources */ = {isa = PBXBuildFile; fileRef = 078AD3402FB41CB7004E692B /* SharedDataManager.swift */; };
		07E705482FB915A700ED5F45 /* SharedDataManager.swift in Sources */ = {isa = PBXBuildFile; fileRef = 078AD3402FB41CB7004E692B /* SharedDataManager.swift */; };
		07E705492FB915A700ED5F45 /* SharedDataManager.swift in Sources */ = {isa = PBXBuildFile; fileRef = 078AD3402FB41CB7004E692B /* SharedDataManager.swift */; };
/* End PBXBuildFile section */

/* Begin PBXContainerItemProxy section */
		074564F92FB2788D00A44341 /* PBXContainerItemProxy */ = {
			isa = PBXContainerItemProxy;
			containerPortal = 074564CC2FB2779C00A44341 /* Project object */;
			proxyType = 1;
			remoteGlobalIDString = 074564EF2FB2788D00A44341;
			remoteInfo = ShieldActionExtension;
		};
		0745650D2FB278A500A44341 /* PBXContainerItemProxy */ = {
			isa = PBXContainerItemProxy;
			containerPortal = 074564CC2FB2779C00A44341 /* Project object */;
			proxyType = 1;
			remoteGlobalIDString = 074565032FB278A500A44341;
			remoteInfo = ShieldConfigurationExtension;
		};
		0745651F2FB278BB00A44341 /* PBXContainerItemProxy */ = {
			isa = PBXContainerItemProxy;
			containerPortal = 074564CC2FB2779C00A44341 /* Project object */;
			proxyType = 1;
			remoteGlobalIDString = 074565162FB278BB00A44341;
			remoteInfo = DeviceActivityMonitorExtension;
		};
/* End PBXContainerItemProxy section */

/* Begin PBXCopyFilesBuildPhase section */
		074564FF2FB2788D00A44341 /* Embed Foundation Extensions */ = {
			isa = PBXCopyFilesBuildPhase;
			buildActionMask = 2147483647;
			dstPath = "";
			dstSubfolderSpec = 13;
			files = (
				074565212FB278BB00A44341 /* DeviceActivityMonitorExtension.appex in Embed Foundation Extensions */,
				0745650F2FB278A500A44341 /* ShieldConfigurationExtension.appex in Embed Foundation Extensions */,
				074564FB2FB2788D00A44341 /* ShieldActionExtension.appex in Embed Foundation Extensions */,
			);
			name = "Embed Foundation Extensions";
			runOnlyForDeploymentPostprocessing = 0;
		};
/* End PBXCopyFilesBuildPhase section */

/* Begin PBXFileReference section */
		074564D42FB2779C00A44341 /* BootUp.app */ = {isa = PBXFileReference; explicitFileType = wrapper.application; includeInIndex = 0; path = BootUp.app; sourceTree = BUILT_PRODUCTS_DIR; };
		074564DB2FB2779D00A44341 /* Assets.xcassets */ = {isa = PBXFileReference; lastKnownFileType = folder.assetcatalog; path = Assets.xcassets; sourceTree = "<group>"; };
		074564DE2FB2779D00A44341 /* Preview Assets.xcassets */ = {isa = PBXFileReference; lastKnownFileType = folder.assetcatalog; path = "Preview Assets.xcassets"; sourceTree = "<group>"; };
		074564E52FB277C200A44341 /* BootUp.entitlements */ = {isa = PBXFileReference; lastKnownFileType = text.plist.entitlements; path = BootUp.entitlements; sourceTree = "<group>"; };
		074564F02FB2788D00A44341 /* ShieldActionExtension.appex */ = {isa = PBXFileReference; explicitFileType = "wrapper.app-extension"; includeInIndex = 0; path = ShieldActionExtension.appex; sourceTree = BUILT_PRODUCTS_DIR; };
		074564F22FB2788D00A44341 /* ManagedSettings.framework */ = {isa = PBXFileReference; lastKnownFileType = wrapper.framework; name = ManagedSettings.framework; path = System/Library/Frameworks/ManagedSettings.framework; sourceTree = SDKROOT; };
		074564F72FB2788D00A44341 /* Info.plist */ = {isa = PBXFileReference; lastKnownFileType = text.plist.xml; path = Info.plist; sourceTree = "<group>"; };
		074564F82FB2788D00A44341 /* ShieldActionExtension.entitlements */ = {isa = PBXFileReference; lastKnownFileType = text.plist.entitlements; path = ShieldActionExtension.entitlements; sourceTree = "<group>"; };
		074565042FB278A500A44341 /* ShieldConfigurationExtension.appex */ = {isa = PBXFileReference; explicitFileType = "wrapper.app-extension"; includeInIndex = 0; path = ShieldConfigurationExtension.appex; sourceTree = BUILT_PRODUCTS_DIR; };
		074565062FB278A500A44341 /* ManagedSettingsUI.framework */ = {isa = PBXFileReference; lastKnownFileType = wrapper.framework; name = ManagedSettingsUI.framework; path = System/Library/Frameworks/ManagedSettingsUI.framework; sourceTree = SDKROOT; };
		0745650B2FB278A500A44341 /* Info.plist */ = {isa = PBXFileReference; lastKnownFileType = text.plist.xml; path = Info.plist; sourceTree = "<group>"; };
		0745650C2FB278A500A44341 /* ShieldConfigurationExtension.entitlements */ = {isa = PBXFileReference; lastKnownFileType = text.plist.entitlements; path = ShieldConfigurationExtension.entitlements; sourceTree = "<group>"; };
		074565172FB278BB00A44341 /* DeviceActivityMonitorExtension.appex */ = {isa = PBXFileReference; explicitFileType = "wrapper.app-extension"; includeInIndex = 0; path = DeviceActivityMonitorExtension.appex; sourceTree = BUILT_PRODUCTS_DIR; };
		074565182FB278BB00A44341 /* DeviceActivity.framework */ = {isa = PBXFileReference; lastKnownFileType = wrapper.framework; name = DeviceActivity.framework; path = System/Library/Frameworks/DeviceActivity.framework; sourceTree = SDKROOT; };
		0745651D2FB278BB00A44341 /* Info.plist */ = {isa = PBXFileReference; lastKnownFileType = text.plist.xml; path = Info.plist; sourceTree = "<group>"; };
		0745651E2FB278BB00A44341 /* DeviceActivityMonitorExtension.entitlements */ = {isa = PBXFileReference; lastKnownFileType = text.plist.entitlements; path = DeviceActivityMonitorExtension.entitlements; sourceTree = "<group>"; };
		074565272FB27A8500A44341 /* ApplicationProfile.swift */ = {isa = PBXFileReference; fileEncoding = 4; lastKnownFileType = sourcecode.swift; path = ApplicationProfile.swift; sourceTree = "<group>"; };
		074565282FB27A8500A44341 /* DataBase.swift */ = {isa = PBXFileReference; fileEncoding = 4; lastKnownFileType = sourcecode.swift; path = DataBase.swift; sourceTree = "<group>"; };
		07611D2A2FB54F8300E4FC3B /* ShieldActionExtension.swift */ = {isa = PBXFileReference; lastKnownFileType = sourcecode.swift; path = ShieldActionExtension.swift; sourceTree = "<group>"; };
		07611D2C2FB54FAC00E4FC3B /* ShieldConfigurationExtension.swift */ = {isa = PBXFileReference; lastKnownFileType = sourcecode.swift; path = ShieldConfigurationExtension.swift; sourceTree = "<group>"; };
		07611D2E2FB54FEF00E4FC3B /* DeviceActivityMonitorExtension.swift */ = {isa = PBXFileReference; lastKnownFileType = sourcecode.swift; path = DeviceActivityMonitorExtension.swift; sourceTree = "<group>"; };
		076683CC2FBBDBED0036D77D /* auto1.mp4 */ = {isa = PBXFileReference; lastKnownFileType = file; path = auto1.mp4; sourceTree = "<group>"; };
		076683CD2FBBDBED0036D77D /* auto2.mp4 */ = {isa = PBXFileReference; lastKnownFileType = file; path = auto2.mp4; sourceTree = "<group>"; };
		076683CE2FBBDBED0036D77D /* auto3.mp4 */ = {isa = PBXFileReference; lastKnownFileType = file; path = auto3.mp4; sourceTree = "<group>"; };
		076683CF2FBBDBED0036D77D /* auto4.mp4 */ = {isa = PBXFileReference; lastKnownFileType = file; path = auto4.mp4; sourceTree = "<group>"; };
		076683D02FBBDBED0036D77D /* auto5.mp4 */ = {isa = PBXFileReference; lastKnownFileType = file; path = auto5.mp4; sourceTree = "<group>"; };
		076683D12FBBDBED0036D77D /* auto6.mp4 */ = {isa = PBXFileReference; lastKnownFileType = file; path = auto6.mp4; sourceTree = "<group>"; };
		076683D22FBBDBED0036D77D /* big1.mp4 */ = {isa = PBXFileReference; lastKnownFileType = file; path = big1.mp4; sourceTree = "<group>"; };
		076683D32FBBDBED0036D77D /* big2.mp4 */ = {isa = PBXFileReference; lastKnownFileType = file; path = big2.mp4; sourceTree = "<group>"; };
		076683D42FBBDBED0036D77D /* big3.mp4 */ = {isa = PBXFileReference; lastKnownFileType = file; path = big3.mp4; sourceTree = "<group>"; };
		076683D52FBBDBED0036D77D /* big4.mp4 */ = {isa = PBXFileReference; lastKnownFileType = file; path = big4.mp4; sourceTree = "<group>"; };
		076683D62FBBDBED0036D77D /* launch.mp4 */ = {isa = PBXFileReference; lastKnownFileType = file; path = launch.mp4; sourceTree = "<group>"; };
		076683D72FBBDBED0036D77D /* permissions.mp4 */ = {isa = PBXFileReference; lastKnownFileType = file; path = permissions.mp4; sourceTree = "<group>"; };
		076683E42FBBDC100036D77D /* LoopingVideoPlayer.swift */ = {isa = PBXFileReference; lastKnownFileType = sourcecode.swift; path = LoopingVideoPlayer.swift; sourceTree = "<group>"; };
		076683E62FBBDC5D0036D77D /* OnboardingSlide.swift */ = {isa = PBXFileReference; lastKnownFileType = sourcecode.swift; path = OnboardingSlide.swift; sourceTree = "<group>"; };
		076683E82FBBDC730036D77D /* OnboardingView.swift */ = {isa = PBXFileReference; lastKnownFileType = sourcecode.swift; path = OnboardingView.swift; sourceTree = "<group>"; };
		078AD33C2FB41C41004E692B /* AppDatabase.swift */ = {isa = PBXFileReference; lastKnownFileType = sourcecode.swift; path = AppDatabase.swift; sourceTree = "<group>"; };
		078AD33E2FB41C82004E692B /* ApplicationToken+Identifiable.swift */ = {isa = PBXFileReference; lastKnownFileType = sourcecode.swift; path = "ApplicationToken+Identifiable.swift"; sourceTree = "<group>"; };
		078AD3402FB41CB7004E692B /* SharedDataManager.swift */ = {isa = PBXFileReference; lastKnownFileType = sourcecode.swift; path = SharedDataManager.swift; sourceTree = "<group>"; };
		078AD3422FB41E80004E692B /* AppListViewModel.swift */ = {isa = PBXFileReference; lastKnownFileType = sourcecode.swift; path = AppListViewModel.swift; sourceTree = "<group>"; };
		078AD3442FB41E9B004E692B /* MainTabView.swift */ = {isa = PBXFileReference; lastKnownFileType = sourcecode.swift; path = MainTabView.swift; sourceTree = "<group>"; };
		078AD3462FB41EB5004E692B /* LockedAppsView.swift */ = {isa = PBXFileReference; lastKnownFileType = sourcecode.swift; path = LockedAppsView.swift; sourceTree = "<group>"; };
		078AD3482FB41EC9004E692B /* SettingsView.swift */ = {isa = PBXFileReference; lastKnownFileType = sourcecode.swift; path = SettingsView.swift; sourceTree = "<group>"; };
		078AD34A2FB422AF004E692B /* TokenRowView.swift */ = {isa = PBXFileReference; lastKnownFileType = sourcecode.swift; path = TokenRowView.swift; sourceTree = "<group>"; };
		078AD34C2FB422CF004E692B /* AppIdentifierView.swift */ = {isa = PBXFileReference; lastKnownFileType = sourcecode.swift; path = AppIdentifierView.swift; sourceTree = "<group>"; };
		078AD34E2FB42443004E692B /* TokenTimerEditView.swift */ = {isa = PBXFileReference; lastKnownFileType = sourcecode.swift; path = TokenTimerEditView.swift; sourceTree = "<group>"; };
		078AD3502FB42C97004E692B /* AppDelegate.swift */ = {isa = PBXFileReference; lastKnownFileType = sourcecode.swift; path = AppDelegate.swift; sourceTree = "<group>"; };
		078AD3522FB42CB1004E692B /* Notification+BootUp.swift */ = {isa = PBXFileReference; lastKnownFileType = sourcecode.swift; path = "Notification+BootUp.swift"; sourceTree = "<group>"; };
		078AD3542FB42D7B004E692B /* Info.plist */ = {isa = PBXFileReference; lastKnownFileType = text.plist; path = Info.plist; sourceTree = "<group>"; };
		078AD3552FB42F58004E692B /* ShieldLoadingView.swift */ = {isa = PBXFileReference; lastKnownFileType = sourcecode.swift; path = ShieldLoadingView.swift; sourceTree = "<group>"; };
		078AD3572FB4321B004E692B /* ShieldOrchestrator.swift */ = {isa = PBXFileReference; lastKnownFileType = sourcecode.swift; path = ShieldOrchestrator.swift; sourceTree = "<group>"; };
		078AD3592FB438EA004E692B /* PrivacyInfo.xcprivacy */ = {isa = PBXFileReference; lastKnownFileType = text.xml; path = PrivacyInfo.xcprivacy; sourceTree = "<group>"; };
		078D7A5F2FB409E600752EDA /* BootUpApp.swift */ = {isa = PBXFileReference; fileEncoding = 4; lastKnownFileType = sourcecode.swift; path = BootUpApp.swift; sourceTree = "<group>"; };
		0797C91D2FB4161D0010D73E /* Color+Theme.swift */ = {isa = PBXFileReference; lastKnownFileType = sourcecode.swift; path = "Color+Theme.swift"; sourceTree = "<group>"; };
		07AFEE892FB90C4E009A52F0 /* LaunchWithBootUpIntent.swift */ = {isa = PBXFileReference; lastKnownFileType = sourcecode.swift; path = LaunchWithBootUpIntent.swift; sourceTree = "<group>"; };
		07C638902FBF7473007C4742 /* PrivacyInfo.xcprivacy */ = {isa = PBXFileReference; lastKnownFileType = text.xml; path = PrivacyInfo.xcprivacy; sourceTree = "<group>"; };
		07C638922FBF7482007C4742 /* PrivacyInfo.xcprivacy */ = {isa = PBXFileReference; lastKnownFileType = text.xml; path = PrivacyInfo.xcprivacy; sourceTree = "<group>"; };
		07C638942FBF748E007C4742 /* PrivacyInfo.xcprivacy */ = {isa = PBXFileReference; lastKnownFileType = text.xml; path = PrivacyInfo.xcprivacy; sourceTree = "<group>"; };
/* End PBXFileReference section */

/* Begin PBXFrameworksBuildPhase section */
		074564D12FB2779C00A44341 /* Frameworks */ = {
			isa = PBXFrameworksBuildPhase;
			buildActionMask = 2147483647;
			files = (
			);
			runOnlyForDeploymentPostprocessing = 0;
		};
		074564ED2FB2788D00A44341 /* Frameworks */ = {
			isa = PBXFrameworksBuildPhase;
			buildActionMask = 2147483647;
			files = (
				074564F32FB2788D00A44341 /* ManagedSettings.framework in Frameworks */,
			);
			runOnlyForDeploymentPostprocessing = 0;
		};
		074565012FB278A500A44341 /* Frameworks */ = {
			isa = PBXFrameworksBuildPhase;
			buildActionMask = 2147483647;
			files = (
				074565052FB278A500A44341 /* ManagedSettings.framework in Frameworks */,
				074565072FB278A500A44341 /* ManagedSettingsUI.framework in Frameworks */,
			);
			runOnlyForDeploymentPostprocessing = 0;
		};
		074565142FB278BB00A44341 /* Frameworks */ = {
			isa = PBXFrameworksBuildPhase;
			buildActionMask = 2147483647;
			files = (
				074565192FB278BB00A44341 /* DeviceActivity.framework in Frameworks */,
			);
			runOnlyForDeploymentPostprocessing = 0;
		};
/* End PBXFrameworksBuildPhase section */

/* Begin PBXGroup section */
		074564CB2FB2779C00A44341 = {
			isa = PBXGroup;
			children = (
				076683CB2FBBDB110036D77D /* Resources */,
				074565292FB27A8500A44341 /* Shared */,
				074564D62FB2779C00A44341 /* BootUp */,
				074564F42FB2788D00A44341 /* ShieldActionExtension */,
				074565082FB278A500A44341 /* ShieldConfigurationExtension */,
				0745651A2FB278BB00A44341 /* DeviceActivityMonitorExtension */,
				074564F12FB2788D00A44341 /* Frameworks */,
				074564D52FB2779C00A44341 /* Products */,
			);
			sourceTree = "<group>";
		};
		074564D52FB2779C00A44341 /* Products */ = {
			isa = PBXGroup;
			children = (
				074564D42FB2779C00A44341 /* BootUp.app */,
				074564F02FB2788D00A44341 /* ShieldActionExtension.appex */,
				074565042FB278A500A44341 /* ShieldConfigurationExtension.appex */,
				074565172FB278BB00A44341 /* DeviceActivityMonitorExtension.appex */,
			);
			name = Products;
			sourceTree = "<group>";
		};
		074564D62FB2779C00A44341 /* BootUp */ = {
			isa = PBXGroup;
			children = (
				078AD3542FB42D7B004E692B /* Info.plist */,
				074564E52FB277C200A44341 /* BootUp.entitlements */,
				078D7A5F2FB409E600752EDA /* BootUpApp.swift */,
				074564DB2FB2779D00A44341 /* Assets.xcassets */,
				074564DD2FB2779D00A44341 /* Preview Content */,
				0797C91D2FB4161D0010D73E /* Color+Theme.swift */,
				078AD33C2FB41C41004E692B /* AppDatabase.swift */,
				078AD33E2FB41C82004E692B /* ApplicationToken+Identifiable.swift */,
				078AD3402FB41CB7004E692B /* SharedDataManager.swift */,
				078AD3422FB41E80004E692B /* AppListViewModel.swift */,
				078AD3442FB41E9B004E692B /* MainTabView.swift */,
				078AD3462FB41EB5004E692B /* LockedAppsView.swift */,
				078AD3482FB41EC9004E692B /* SettingsView.swift */,
				078AD34A2FB422AF004E692B /* TokenRowView.swift */,
				078AD34C2FB422CF004E692B /* AppIdentifierView.swift */,
				078AD34E2FB42443004E692B /* TokenTimerEditView.swift */,
				078AD3502FB42C97004E692B /* AppDelegate.swift */,
				078AD3522FB42CB1004E692B /* Notification+BootUp.swift */,
				078AD3552FB42F58004E692B /* ShieldLoadingView.swift */,
				078AD3572FB4321B004E692B /* ShieldOrchestrator.swift */,
				078AD3592FB438EA004E692B /* PrivacyInfo.xcprivacy */,
				07AFEE892FB90C4E009A52F0 /* LaunchWithBootUpIntent.swift */,
				076683E42FBBDC100036D77D /* LoopingVideoPlayer.swift */,
				076683E62FBBDC5D0036D77D /* OnboardingSlide.swift */,
				076683E82FBBDC730036D77D /* OnboardingView.swift */,
			);
			path = BootUp;
			sourceTree = "<group>";
		};
		074564DD2FB2779D00A44341 /* Preview Content */ = {
			isa = PBXGroup;
			children = (
				074564DE2FB2779D00A44341 /* Preview Assets.xcassets */,
			);
			path = "Preview Content";
			sourceTree = "<group>";
		};
		074564F12FB2788D00A44341 /* Frameworks */ = {
			isa = PBXGroup;
			children = (
				074564F22FB2788D00A44341 /* ManagedSettings.framework */,
				074565062FB278A500A44341 /* ManagedSettingsUI.framework */,
				074565182FB278BB00A44341 /* DeviceActivity.framework */,
			);
			name = Frameworks;
			sourceTree = "<group>";
		};
		074564F42FB2788D00A44341 /* ShieldActionExtension */ = {
			isa = PBXGroup;
			children = (
				07611D2A2FB54F8300E4FC3B /* ShieldActionExtension.swift */,
				07C638902FBF7473007C4742 /* PrivacyInfo.xcprivacy */,
				074564F72FB2788D00A44341 /* Info.plist */,
				074564F82FB2788D00A44341 /* ShieldActionExtension.entitlements */,
			);
			path = ShieldActionExtension;
			sourceTree = "<group>";
		};
		074565082FB278A500A44341 /* ShieldConfigurationExtension */ = {
			isa = PBXGroup;
			children = (
				07611D2C2FB54FAC00E4FC3B /* ShieldConfigurationExtension.swift */,
				07C638922FBF7482007C4742 /* PrivacyInfo.xcprivacy */,
				0745650B2FB278A500A44341 /* Info.plist */,
				0745650C2FB278A500A44341 /* ShieldConfigurationExtension.entitlements */,
			);
			path = ShieldConfigurationExtension;
			sourceTree = "<group>";
		};
		0745651A2FB278BB00A44341 /* DeviceActivityMonitorExtension */ = {
			isa = PBXGroup;
			children = (
				07611D2E2FB54FEF00E4FC3B /* DeviceActivityMonitorExtension.swift */,
				07C638942FBF748E007C4742 /* PrivacyInfo.xcprivacy */,
				0745651D2FB278BB00A44341 /* Info.plist */,
				0745651E2FB278BB00A44341 /* DeviceActivityMonitorExtension.entitlements */,
			);
			path = DeviceActivityMonitorExtension;
			sourceTree = "<group>";
		};
		074565292FB27A8500A44341 /* Shared */ = {
			isa = PBXGroup;
			children = (
				074565272FB27A8500A44341 /* ApplicationProfile.swift */,
				074565282FB27A8500A44341 /* DataBase.swift */,
			);
			path = Shared;
			sourceTree = "<group>";
		};
		076683CB2FBBDB110036D77D /* Resources */ = {
			isa = PBXGroup;
			children = (
				076683CC2FBBDBED0036D77D /* auto1.mp4 */,
				076683CD2FBBDBED0036D77D /* auto2.mp4 */,
				076683CE2FBBDBED0036D77D /* auto3.mp4 */,
				076683CF2FBBDBED0036D77D /* auto4.mp4 */,
				076683D02FBBDBED0036D77D /* auto5.mp4 */,
				076683D12FBBDBED0036D77D /* auto6.mp4 */,
				076683D22FBBDBED0036D77D /* big1.mp4 */,
				076683D32FBBDBED0036D77D /* big2.mp4 */,
				076683D42FBBDBED0036D77D /* big3.mp4 */,
				076683D52FBBDBED0036D77D /* big4.mp4 */,
				076683D62FBBDBED0036D77D /* launch.mp4 */,
				076683D72FBBDBED0036D77D /* permissions.mp4 */,
			);
			path = Resources;
			sourceTree = "<group>";
		};
/* End PBXGroup section */

/* Begin PBXNativeTarget section */
		074564D32FB2779C00A44341 /* BootUp */ = {
			isa = PBXNativeTarget;
			buildConfigurationList = 074564E22FB2779D00A44341 /* Build configuration list for PBXNativeTarget "BootUp" */;
			buildPhases = (
				074564D02FB2779C00A44341 /* Sources */,
				074564D12FB2779C00A44341 /* Frameworks */,
				074564D22FB2779C00A44341 /* Resources */,
				074564FF2FB2788D00A44341 /* Embed Foundation Extensions */,
			);
			buildRules = (
			);
			dependencies = (
				074564FA2FB2788D00A44341 /* PBXTargetDependency */,
				0745650E2FB278A500A44341 /* PBXTargetDependency */,
				074565202FB278BB00A44341 /* PBXTargetDependency */,
			);
			name = BootUp;
			productName = ScreenTimeApp;
			productReference = 074564D42FB2779C00A44341 /* BootUp.app */;
			productType = "com.apple.product-type.application";
		};
		074564EF2FB2788D00A44341 /* ShieldActionExtension */ = {
			isa = PBXNativeTarget;
			buildConfigurationList = 074564FC2FB2788D00A44341 /* Build configuration list for PBXNativeTarget "ShieldActionExtension" */;
			buildPhases = (
				074564EC2FB2788D00A44341 /* Sources */,
				074564ED2FB2788D00A44341 /* Frameworks */,
				074564EE2FB2788D00A44341 /* Resources */,
			);
			buildRules = (
			);
			dependencies = (
			);
			name = ShieldActionExtension;
			productName = ShieldActionExtension;
			productReference = 074564F02FB2788D00A44341 /* ShieldActionExtension.appex */;
			productType = "com.apple.product-type.app-extension";
		};
		074565032FB278A500A44341 /* ShieldConfigurationExtension */ = {
			isa = PBXNativeTarget;
			buildConfigurationList = 074565102FB278A500A44341 /* Build configuration list for PBXNativeTarget "ShieldConfigurationExtension" */;
			buildPhases = (
				074565002FB278A500A44341 /* Sources */,
				074565012FB278A500A44341 /* Frameworks */,
				074565022FB278A500A44341 /* Resources */,
			);
			buildRules = (
			);
			dependencies = (
			);
			name = ShieldConfigurationExtension;
			productName = ShieldConfigurationExtension;
			productReference = 074565042FB278A500A44341 /* ShieldConfigurationExtension.appex */;
			productType = "com.apple.product-type.app-extension";
		};
		074565162FB278BB00A44341 /* DeviceActivityMonitorExtension */ = {
			isa = PBXNativeTarget;
			buildConfigurationList = 074565222FB278BB00A44341 /* Build configuration list for PBXNativeTarget "DeviceActivityMonitorExtension" */;
			buildPhases = (
				074565132FB278BB00A44341 /* Sources */,
				074565142FB278BB00A44341 /* Frameworks */,
				074565152FB278BB00A44341 /* Resources */,
			);
			buildRules = (
			);
			dependencies = (
			);
			name = DeviceActivityMonitorExtension;
			productName = DeviceActivityMonitorExtension;
			productReference = 074565172FB278BB00A44341 /* DeviceActivityMonitorExtension.appex */;
			productType = "com.apple.product-type.app-extension";
		};
/* End PBXNativeTarget section */

/* Begin PBXProject section */
		074564CC2FB2779C00A44341 /* Project object */ = {
			isa = PBXProject;
			attributes = {
				BuildIndependentTargetsInParallel = 1;
				LastSwiftUpdateCheck = 1540;
				LastUpgradeCheck = 2650;
				TargetAttributes = {
					074564D32FB2779C00A44341 = {
						CreatedOnToolsVersion = 15.4;
					};
					074564EF2FB2788D00A44341 = {
						CreatedOnToolsVersion = 15.4;
					};
					074565032FB278A500A44341 = {
						CreatedOnToolsVersion = 15.4;
						LastSwiftMigration = 2650;
					};
					074565162FB278BB00A44341 = {
						CreatedOnToolsVersion = 15.4;
					};
				};
			};
			buildConfigurationList = 074564CF2FB2779C00A44341 /* Build configuration list for PBXProject "BootUp" */;
			compatibilityVersion = "Xcode 14.0";
			developmentRegion = en;
			hasScannedForEncodings = 0;
			knownRegions = (
				en,
				Base,
			);
			mainGroup = 074564CB2FB2779C00A44341;
			productRefGroup = 074564D52FB2779C00A44341 /* Products */;
			projectDirPath = "";
			projectRoot = "";
			targets = (
				074564D32FB2779C00A44341 /* BootUp */,
				074564EF2FB2788D00A44341 /* ShieldActionExtension */,
				074565032FB278A500A44341 /* ShieldConfigurationExtension */,
				074565162FB278BB00A44341 /* DeviceActivityMonitorExtension */,
			);
		};
/* End PBXProject section */

/* Begin PBXResourcesBuildPhase section */
		074564D22FB2779C00A44341 /* Resources */ = {
			isa = PBXResourcesBuildPhase;
			buildActionMask = 2147483647;
			files = (
				074564DF2FB2779D00A44341 /* Preview Assets.xcassets in Resources */,
				074564DC2FB2779D00A44341 /* Assets.xcassets in Resources */,
				076683D82FBBDBED0036D77D /* auto4.mp4 in Resources */,
				076683D92FBBDBED0036D77D /* big2.mp4 in Resources */,
				076683DA2FBBDBED0036D77D /* big3.mp4 in Resources */,
				076683DB2FBBDBED0036D77D /* auto6.mp4 in Resources */,
				076683DC2FBBDBED0036D77D /* auto1.mp4 in Resources */,
				076683DD2FBBDBED0036D77D /* auto2.mp4 in Resources */,
				076683DE2FBBDBED0036D77D /* auto5.mp4 in Resources */,
				076683DF2FBBDBED0036D77D /* launch.mp4 in Resources */,
				076683E02FBBDBED0036D77D /* permissions.mp4 in Resources */,
				076683E12FBBDBED0036D77D /* auto3.mp4 in Resources */,
				076683E22FBBDBED0036D77D /* big4.mp4 in Resources */,
				076683E32FBBDBED0036D77D /* big1.mp4 in Resources */,
			);
			runOnlyForDeploymentPostprocessing = 0;
		};
		074564EE2FB2788D00A44341 /* Resources */ = {
			isa = PBXResourcesBuildPhase;
			buildActionMask = 2147483647;
			files = (
				07C638912FBF7473007C4742 /* PrivacyInfo.xcprivacy in Resources */,
			);
			runOnlyForDeploymentPostprocessing = 0;
		};
		074565022FB278A500A44341 /* Resources */ = {
			isa = PBXResourcesBuildPhase;
			buildActionMask = 2147483647;
			files = (
				07C638932FBF7482007C4742 /* PrivacyInfo.xcprivacy in Resources */,
			);
			runOnlyForDeploymentPostprocessing = 0;
		};
		074565152FB278BB00A44341 /* Resources */ = {
			isa = PBXResourcesBuildPhase;
			buildActionMask = 2147483647;
			files = (
				07C638952FBF748E007C4742 /* PrivacyInfo.xcprivacy in Resources */,
			);
			runOnlyForDeploymentPostprocessing = 0;
		};
/* End PBXResourcesBuildPhase section */

/* Begin PBXSourcesBuildPhase section */
		074564D02FB2779C00A44341 /* Sources */ = {
			isa = PBXSourcesBuildPhase;
			buildActionMask = 2147483647;
			files = (
				078AD34F2FB42443004E692B /* TokenTimerEditView.swift in Sources */,
				078AD34B2FB422AF004E692B /* TokenRowView.swift in Sources */,
				078AD34D2FB422CF004E692B /* AppIdentifierView.swift in Sources */,
				078AD3412FB41CB7004E692B /* SharedDataManager.swift in Sources */,
				0745652D2FB27A8500A44341 /* DataBase.swift in Sources */,
				0745652A2FB27A8500A44341 /* ApplicationProfile.swift in Sources */,
				078AD3562FB42F58004E692B /* ShieldLoadingView.swift in Sources */,
				076683E72FBBDC5D0036D77D /* OnboardingSlide.swift in Sources */,
				076683E52FBBDC100036D77D /* LoopingVideoPlayer.swift in Sources */,
				078AD33D2FB41C41004E692B /* AppDatabase.swift in Sources */,
				0797C91E2FB4161D0010D73E /* Color+Theme.swift in Sources */,
				078AD3512FB42C97004E692B /* AppDelegate.swift in Sources */,
				078AD3472FB41EB5004E692B /* LockedAppsView.swift in Sources */,
				07AFEE8A2FB90C4E009A52F0 /* LaunchWithBootUpIntent.swift in Sources */,
				078AD3582FB4321B004E692B /* ShieldOrchestrator.swift in Sources */,
				078AD3492FB41EC9004E692B /* SettingsView.swift in Sources */,
				078D7A602FB409E600752EDA /* BootUpApp.swift in Sources */,
				078AD33F2FB41C82004E692B /* ApplicationToken+Identifiable.swift in Sources */,
				078AD3532FB42CB1004E692B /* Notification+BootUp.swift in Sources */,
				078AD3432FB41E80004E692B /* AppListViewModel.swift in Sources */,
				078AD3452FB41E9B004E692B /* MainTabView.swift in Sources */,
				076683E92FBBDC730036D77D /* OnboardingView.swift in Sources */,
			);
			runOnlyForDeploymentPostprocessing = 0;
		};
		074564EC2FB2788D00A44341 /* Sources */ = {
			isa = PBXSourcesBuildPhase;
			buildActionMask = 2147483647;
			files = (
				0745652B2FB27A8500A44341 /* ApplicationProfile.swift in Sources */,
				0745652E2FB27A8500A44341 /* DataBase.swift in Sources */,
				07E705472FB915A700ED5F45 /* SharedDataManager.swift in Sources */,
				07611D2B2FB54F8300E4FC3B /* ShieldActionExtension.swift in Sources */,
			);
			runOnlyForDeploymentPostprocessing = 0;
		};
		074565002FB278A500A44341 /* Sources */ = {
			isa = PBXSourcesBuildPhase;
			buildActionMask = 2147483647;
			files = (
				07E705482FB915A700ED5F45 /* SharedDataManager.swift in Sources */,
				07611D2D2FB54FAC00E4FC3B /* ShieldConfigurationExtension.swift in Sources */,
			);
			runOnlyForDeploymentPostprocessing = 0;
		};
		074565132FB278BB00A44341 /* Sources */ = {
			isa = PBXSourcesBuildPhase;
			buildActionMask = 2147483647;
			files = (
				0745652C2FB27A8500A44341 /* ApplicationProfile.swift in Sources */,
				07611D2F2FB54FEF00E4FC3B /* DeviceActivityMonitorExtension.swift in Sources */,
				07E705492FB915A700ED5F45 /* SharedDataManager.swift in Sources */,
				0745652F2FB27A8500A44341 /* DataBase.swift in Sources */,
			);
			runOnlyForDeploymentPostprocessing = 0;
		};
/* End PBXSourcesBuildPhase section */

/* Begin PBXTargetDependency section */
		074564FA2FB2788D00A44341 /* PBXTargetDependency */ = {
			isa = PBXTargetDependency;
			target = 074564EF2FB2788D00A44341 /* ShieldActionExtension */;
			targetProxy = 074564F92FB2788D00A44341 /* PBXContainerItemProxy */;
		};
		0745650E2FB278A500A44341 /* PBXTargetDependency */ = {
			isa = PBXTargetDependency;
			target = 074565032FB278A500A44341 /* ShieldConfigurationExtension */;
			targetProxy = 0745650D2FB278A500A44341 /* PBXContainerItemProxy */;
		};
		074565202FB278BB00A44341 /* PBXTargetDependency */ = {
			isa = PBXTargetDependency;
			target = 074565162FB278BB00A44341 /* DeviceActivityMonitorExtension */;
			targetProxy = 0745651F2FB278BB00A44341 /* PBXContainerItemProxy */;
		};
/* End PBXTargetDependency section */

/* Begin XCBuildConfiguration section */
		074564E02FB2779D00A44341 /* Debug */ = {
			isa = XCBuildConfiguration;
			buildSettings = {
				ALWAYS_SEARCH_USER_PATHS = NO;
				ASSETCATALOG_COMPILER_GENERATE_SWIFT_ASSET_SYMBOL_EXTENSIONS = YES;
				CLANG_ANALYZER_NONNULL = YES;
				CLANG_ANALYZER_NUMBER_OBJECT_CONVERSION = YES_AGGRESSIVE;
				CLANG_CXX_LANGUAGE_STANDARD = "gnu++20";
				CLANG_ENABLE_MODULES = YES;
				CLANG_ENABLE_OBJC_ARC = YES;
				CLANG_ENABLE_OBJC_WEAK = YES;
				CLANG_WARN_BLOCK_CAPTURE_AUTORELEASING = YES;
				CLANG_WARN_BOOL_CONVERSION = YES;
				CLANG_WARN_COMMA = YES;
				CLANG_WARN_CONSTANT_CONVERSION = YES;
				CLANG_WARN_DEPRECATED_OBJC_IMPLEMENTATIONS = YES;
				CLANG_WARN_DIRECT_OBJC_ISA_USAGE = YES_ERROR;
				CLANG_WARN_DOCUMENTATION_COMMENTS = YES;
				CLANG_WARN_EMPTY_BODY = YES;
				CLANG_WARN_ENUM_CONVERSION = YES;
				CLANG_WARN_INFINITE_RECURSION = YES;
				CLANG_WARN_INT_CONVERSION = YES;
				CLANG_WARN_NON_LITERAL_NULL_CONVERSION = YES;
				CLANG_WARN_OBJC_IMPLICIT_RETAIN_SELF = YES;
				CLANG_WARN_OBJC_LITERAL_CONVERSION = YES;
				CLANG_WARN_OBJC_ROOT_CLASS = YES_ERROR;
				CLANG_WARN_QUOTED_INCLUDE_IN_FRAMEWORK_HEADER = YES;
				CLANG_WARN_RANGE_LOOP_ANALYSIS = YES;
				CLANG_WARN_STRICT_PROTOTYPES = YES;
				CLANG_WARN_SUSPICIOUS_MOVE = YES;
				CLANG_WARN_UNGUARDED_AVAILABILITY = YES_AGGRESSIVE;
				CLANG_WARN_UNREACHABLE_CODE = YES;
				CLANG_WARN__DUPLICATE_METHOD_MATCH = YES;
				COPY_PHASE_STRIP = NO;
				DEBUG_INFORMATION_FORMAT = dwarf;
				DEVELOPMENT_TEAM = YB2DK4V59Y;
				ENABLE_STRICT_OBJC_MSGSEND = YES;
				ENABLE_TESTABILITY = YES;
				ENABLE_USER_SCRIPT_SANDBOXING = YES;
				GCC_C_LANGUAGE_STANDARD = gnu17;
				GCC_DYNAMIC_NO_PIC = NO;
				GCC_NO_COMMON_BLOCKS = YES;
				GCC_OPTIMIZATION_LEVEL = 0;
				GCC_PREPROCESSOR_DEFINITIONS = (
					"DEBUG=1",
					"$(inherited)",
				);
				GCC_WARN_64_TO_32_BIT_CONVERSION = YES;
				GCC_WARN_ABOUT_RETURN_TYPE = YES_ERROR;
				GCC_WARN_UNDECLARED_SELECTOR = YES;
				GCC_WARN_UNINITIALIZED_AUTOS = YES_AGGRESSIVE;
				GCC_WARN_UNUSED_FUNCTION = YES;
				GCC_WARN_UNUSED_VARIABLE = YES;
				IPHONEOS_DEPLOYMENT_TARGET = 17.5;
				LOCALIZATION_PREFERS_STRING_CATALOGS = YES;
				MTL_ENABLE_DEBUG_INFO = INCLUDE_SOURCE;
				MTL_FAST_MATH = YES;
				ONLY_ACTIVE_ARCH = YES;
				SDKROOT = iphoneos;
				STRING_CATALOG_GENERATE_SYMBOLS = YES;
				SWIFT_ACTIVE_COMPILATION_CONDITIONS = "DEBUG $(inherited)";
				SWIFT_OPTIMIZATION_LEVEL = "-Onone";
			};
			name = Debug;
		};
		074564E12FB2779D00A44341 /* Release */ = {
			isa = XCBuildConfiguration;
			buildSettings = {
				ALWAYS_SEARCH_USER_PATHS = NO;
				ASSETCATALOG_COMPILER_GENERATE_SWIFT_ASSET_SYMBOL_EXTENSIONS = YES;
				CLANG_ANALYZER_NONNULL = YES;
				CLANG_ANALYZER_NUMBER_OBJECT_CONVERSION = YES_AGGRESSIVE;
				CLANG_CXX_LANGUAGE_STANDARD = "gnu++20";
				CLANG_ENABLE_MODULES = YES;
				CLANG_ENABLE_OBJC_ARC = YES;
				CLANG_ENABLE_OBJC_WEAK = YES;
				CLANG_WARN_BLOCK_CAPTURE_AUTORELEASING = YES;
				CLANG_WARN_BOOL_CONVERSION = YES;
				CLANG_WARN_COMMA = YES;
				CLANG_WARN_CONSTANT_CONVERSION = YES;
				CLANG_WARN_DEPRECATED_OBJC_IMPLEMENTATIONS = YES;
				CLANG_WARN_DIRECT_OBJC_ISA_USAGE = YES_ERROR;
				CLANG_WARN_DOCUMENTATION_COMMENTS = YES;
				CLANG_WARN_EMPTY_BODY = YES;
				CLANG_WARN_ENUM_CONVERSION = YES;
				CLANG_WARN_INFINITE_RECURSION = YES;
				CLANG_WARN_INT_CONVERSION = YES;
				CLANG_WARN_NON_LITERAL_NULL_CONVERSION = YES;
				CLANG_WARN_OBJC_IMPLICIT_RETAIN_SELF = YES;
				CLANG_WARN_OBJC_LITERAL_CONVERSION = YES;
				CLANG_WARN_OBJC_ROOT_CLASS = YES_ERROR;
				CLANG_WARN_QUOTED_INCLUDE_IN_FRAMEWORK_HEADER = YES;
				CLANG_WARN_RANGE_LOOP_ANALYSIS = YES;
				CLANG_WARN_STRICT_PROTOTYPES = YES;
				CLANG_WARN_SUSPICIOUS_MOVE = YES;
				CLANG_WARN_UNGUARDED_AVAILABILITY = YES_AGGRESSIVE;
				CLANG_WARN_UNREACHABLE_CODE = YES;
				CLANG_WARN__DUPLICATE_METHOD_MATCH = YES;
				COPY_PHASE_STRIP = NO;
				DEBUG_INFORMATION_FORMAT = "dwarf-with-dsym";
				DEVELOPMENT_TEAM = YB2DK4V59Y;
				ENABLE_NS_ASSERTIONS = NO;
				ENABLE_STRICT_OBJC_MSGSEND = YES;
				ENABLE_USER_SCRIPT_SANDBOXING = YES;
				GCC_C_LANGUAGE_STANDARD = gnu17;
				GCC_NO_COMMON_BLOCKS = YES;
				GCC_WARN_64_TO_32_BIT_CONVERSION = YES;
				GCC_WARN_ABOUT_RETURN_TYPE = YES_ERROR;
				GCC_WARN_UNDECLARED_SELECTOR = YES;
				GCC_WARN_UNINITIALIZED_AUTOS = YES_AGGRESSIVE;
				GCC_WARN_UNUSED_FUNCTION = YES;
				GCC_WARN_UNUSED_VARIABLE = YES;
				IPHONEOS_DEPLOYMENT_TARGET = 17.5;
				LOCALIZATION_PREFERS_STRING_CATALOGS = YES;
				MTL_ENABLE_DEBUG_INFO = NO;
				MTL_FAST_MATH = YES;
				SDKROOT = iphoneos;
				STRING_CATALOG_GENERATE_SYMBOLS = YES;
				SWIFT_COMPILATION_MODE = wholemodule;
				VALIDATE_PRODUCT = YES;
			};
			name = Release;
		};
		074564E32FB2779D00A44341 /* Debug */ = {
			isa = XCBuildConfiguration;
			buildSettings = {
				ASSETCATALOG_COMPILER_APPICON_NAME = AppIcon;
				ASSETCATALOG_COMPILER_GLOBAL_ACCENT_COLOR_NAME = "";
				CODE_SIGN_ENTITLEMENTS = BootUp/BootUp.entitlements;
				CODE_SIGN_STYLE = Automatic;
				CURRENT_PROJECT_VERSION = 1;
				DEVELOPMENT_ASSET_PATHS = "\"BootUP/Preview Content\"";
				ENABLE_PREVIEWS = YES;
				GENERATE_INFOPLIST_FILE = YES;
				INFOPLIST_FILE = BootUp/Info.plist;
				INFOPLIST_KEY_CFBundleDisplayName = "Boot Up";
				INFOPLIST_KEY_UIApplicationSceneManifest_Generation = YES;
				INFOPLIST_KEY_UIApplicationSupportsIndirectInputEvents = YES;
				INFOPLIST_KEY_UILaunchScreen_Generation = YES;
				INFOPLIST_KEY_UISupportedInterfaceOrientations_iPad = "UIInterfaceOrientationPortrait UIInterfaceOrientationPortraitUpsideDown UIInterfaceOrientationLandscapeLeft UIInterfaceOrientationLandscapeRight";
				INFOPLIST_KEY_UISupportedInterfaceOrientations_iPhone = "UIInterfaceOrientationPortrait UIInterfaceOrientationLandscapeLeft UIInterfaceOrientationLandscapeRight";
				IPHONEOS_DEPLOYMENT_TARGET = 26.0;
				LD_RUNPATH_SEARCH_PATHS = (
					"$(inherited)",
					"@executable_path/Frameworks",
				);
				MARKETING_VERSION = 1.3;
				PRODUCT_BUNDLE_IDENTIFIER = com.eliguzz.bootup;
				PRODUCT_NAME = "$(TARGET_NAME)";
				SUPPORTED_PLATFORMS = "iphoneos iphonesimulator";
				SUPPORTS_MACCATALYST = NO;
				SUPPORTS_MAC_DESIGNED_FOR_IPHONE_IPAD = NO;
				SUPPORTS_XR_DESIGNED_FOR_IPHONE_IPAD = NO;
				SWIFT_EMIT_LOC_STRINGS = YES;
				SWIFT_VERSION = 5.0;
				TARGETED_DEVICE_FAMILY = 1;
			};
			name = Debug;
		};
		074564E42FB2779D00A44341 /* Release */ = {
			isa = XCBuildConfiguration;
			buildSettings = {
				ASSETCATALOG_COMPILER_APPICON_NAME = AppIcon;
				ASSETCATALOG_COMPILER_GLOBAL_ACCENT_COLOR_NAME = "";
				CODE_SIGN_ENTITLEMENTS = BootUp/BootUp.entitlements;
				CODE_SIGN_STYLE = Automatic;
				CURRENT_PROJECT_VERSION = 1;
				DEVELOPMENT_ASSET_PATHS = "\"BootUP/Preview Content\"";
				ENABLE_PREVIEWS = YES;
				GENERATE_INFOPLIST_FILE = YES;
				INFOPLIST_FILE = BootUp/Info.plist;
				INFOPLIST_KEY_CFBundleDisplayName = "Boot Up";
				INFOPLIST_KEY_UIApplicationSceneManifest_Generation = YES;
				INFOPLIST_KEY_UIApplicationSupportsIndirectInputEvents = YES;
				INFOPLIST_KEY_UILaunchScreen_Generation = YES;
				INFOPLIST_KEY_UISupportedInterfaceOrientations_iPad = "UIInterfaceOrientationPortrait UIInterfaceOrientationPortraitUpsideDown UIInterfaceOrientationLandscapeLeft UIInterfaceOrientationLandscapeRight";
				INFOPLIST_KEY_UISupportedInterfaceOrientations_iPhone = "UIInterfaceOrientationPortrait UIInterfaceOrientationLandscapeLeft UIInterfaceOrientationLandscapeRight";
				IPHONEOS_DEPLOYMENT_TARGET = 26.0;
				LD_RUNPATH_SEARCH_PATHS = (
					"$(inherited)",
					"@executable_path/Frameworks",
				);
				MARKETING_VERSION = 1.3;
				PRODUCT_BUNDLE_IDENTIFIER = com.eliguzz.bootup;
				PRODUCT_NAME = "$(TARGET_NAME)";
				SUPPORTED_PLATFORMS = "iphoneos iphonesimulator";
				SUPPORTS_MACCATALYST = NO;
				SUPPORTS_MAC_DESIGNED_FOR_IPHONE_IPAD = NO;
				SUPPORTS_XR_DESIGNED_FOR_IPHONE_IPAD = NO;
				SWIFT_EMIT_LOC_STRINGS = YES;
				SWIFT_VERSION = 5.0;
				TARGETED_DEVICE_FAMILY = 1;
			};
			name = Release;
		};
		074564FD2FB2788D00A44341 /* Debug */ = {
			isa = XCBuildConfiguration;
			buildSettings = {
				CODE_SIGN_ENTITLEMENTS = ShieldActionExtension/ShieldActionExtension.entitlements;
				CODE_SIGN_STYLE = Automatic;
				CURRENT_PROJECT_VERSION = 1;
				GENERATE_INFOPLIST_FILE = YES;
				INFOPLIST_FILE = ShieldActionExtension/Info.plist;
				INFOPLIST_KEY_CFBundleDisplayName = ShieldActionExtension;
				INFOPLIST_KEY_NSHumanReadableCopyright = "";
				IPHONEOS_DEPLOYMENT_TARGET = 26.0;
				LD_RUNPATH_SEARCH_PATHS = (
					"$(inherited)",
					"@executable_path/Frameworks",
					"@executable_path/../../Frameworks",
				);
				MARKETING_VERSION = 1.3;
				PRODUCT_BUNDLE_IDENTIFIER = com.eliguzz.bootup.ShieldAction;
				PRODUCT_NAME = "$(TARGET_NAME)";
				SKIP_INSTALL = YES;
				SWIFT_EMIT_LOC_STRINGS = YES;
				SWIFT_VERSION = 5.0;
				TARGETED_DEVICE_FAMILY = "1,2";
			};
			name = Debug;
		};
		074564FE2FB2788D00A44341 /* Release */ = {
			isa = XCBuildConfiguration;
			buildSettings = {
				CODE_SIGN_ENTITLEMENTS = ShieldActionExtension/ShieldActionExtension.entitlements;
				CODE_SIGN_STYLE = Automatic;
				CURRENT_PROJECT_VERSION = 1;
				GENERATE_INFOPLIST_FILE = YES;
				INFOPLIST_FILE = ShieldActionExtension/Info.plist;
				INFOPLIST_KEY_CFBundleDisplayName = ShieldActionExtension;
				INFOPLIST_KEY_NSHumanReadableCopyright = "";
				IPHONEOS_DEPLOYMENT_TARGET = 26.0;
				LD_RUNPATH_SEARCH_PATHS = (
					"$(inherited)",
					"@executable_path/Frameworks",
					"@executable_path/../../Frameworks",
				);
				MARKETING_VERSION = 1.3;
				PRODUCT_BUNDLE_IDENTIFIER = com.eliguzz.bootup.ShieldAction;
				PRODUCT_NAME = "$(TARGET_NAME)";
				SKIP_INSTALL = YES;
				SWIFT_EMIT_LOC_STRINGS = YES;
				SWIFT_VERSION = 5.0;
				TARGETED_DEVICE_FAMILY = "1,2";
			};
			name = Release;
		};
		074565112FB278A500A44341 /* Debug */ = {
			isa = XCBuildConfiguration;
			buildSettings = {
				CLANG_ENABLE_MODULES = YES;
				CODE_SIGN_ENTITLEMENTS = ShieldConfigurationExtension/ShieldConfigurationExtension.entitlements;
				CODE_SIGN_STYLE = Automatic;
				CURRENT_PROJECT_VERSION = 1;
				GENERATE_INFOPLIST_FILE = YES;
				INFOPLIST_FILE = ShieldConfigurationExtension/Info.plist;
				INFOPLIST_KEY_CFBundleDisplayName = ShieldConfigurationExtension;
				INFOPLIST_KEY_NSHumanReadableCopyright = "";
				IPHONEOS_DEPLOYMENT_TARGET = 26.0;
				LD_RUNPATH_SEARCH_PATHS = (
					"$(inherited)",
					"@executable_path/Frameworks",
					"@executable_path/../../Frameworks",
				);
				MARKETING_VERSION = 1.3;
				PRODUCT_BUNDLE_IDENTIFIER = com.eliguzz.bootup.ShieldConfiguration;
				PRODUCT_NAME = "$(TARGET_NAME)";
				SKIP_INSTALL = YES;
				SWIFT_EMIT_LOC_STRINGS = YES;
				SWIFT_OPTIMIZATION_LEVEL = "-Onone";
				SWIFT_VERSION = 5.0;
				TARGETED_DEVICE_FAMILY = "1,2";
			};
			name = Debug;
		};
		074565122FB278A500A44341 /* Release */ = {
			isa = XCBuildConfiguration;
			buildSettings = {
				CLANG_ENABLE_MODULES = YES;
				CODE_SIGN_ENTITLEMENTS = ShieldConfigurationExtension/ShieldConfigurationExtension.entitlements;
				CODE_SIGN_STYLE = Automatic;
				CURRENT_PROJECT_VERSION = 1;
				GENERATE_INFOPLIST_FILE = YES;
				INFOPLIST_FILE = ShieldConfigurationExtension/Info.plist;
				INFOPLIST_KEY_CFBundleDisplayName = ShieldConfigurationExtension;
				INFOPLIST_KEY_NSHumanReadableCopyright = "";
				IPHONEOS_DEPLOYMENT_TARGET = 26.0;
				LD_RUNPATH_SEARCH_PATHS = (
					"$(inherited)",
					"@executable_path/Frameworks",
					"@executable_path/../../Frameworks",
				);
				MARKETING_VERSION = 1.3;
				PRODUCT_BUNDLE_IDENTIFIER = com.eliguzz.bootup.ShieldConfiguration;
				PRODUCT_NAME = "$(TARGET_NAME)";
				SKIP_INSTALL = YES;
				SWIFT_EMIT_LOC_STRINGS = YES;
				SWIFT_VERSION = 5.0;
				TARGETED_DEVICE_FAMILY = "1,2";
			};
			name = Release;
		};
		074565232FB278BB00A44341 /* Debug */ = {
			isa = XCBuildConfiguration;
			buildSettings = {
				CODE_SIGN_ENTITLEMENTS = DeviceActivityMonitorExtension/DeviceActivityMonitorExtension.entitlements;
				CODE_SIGN_STYLE = Automatic;
				CURRENT_PROJECT_VERSION = 1;
				GENERATE_INFOPLIST_FILE = YES;
				INFOPLIST_FILE = DeviceActivityMonitorExtension/Info.plist;
				INFOPLIST_KEY_CFBundleDisplayName = DeviceActivityMonitorExtension;
				INFOPLIST_KEY_NSHumanReadableCopyright = "";
				IPHONEOS_DEPLOYMENT_TARGET = 26.0;
				LD_RUNPATH_SEARCH_PATHS = (
					"$(inherited)",
					"@executable_path/Frameworks",
					"@executable_path/../../Frameworks",
				);
				MARKETING_VERSION = 1.3;
				PRODUCT_BUNDLE_IDENTIFIER = com.eliguzz.bootup.DeviceActivityMonitor;
				PRODUCT_NAME = "$(TARGET_NAME)";
				SKIP_INSTALL = YES;
				SWIFT_EMIT_LOC_STRINGS = YES;
				SWIFT_VERSION = 5.0;
				TARGETED_DEVICE_FAMILY = "1,2";
			};
			name = Debug;
		};
		074565242FB278BB00A44341 /* Release */ = {
			isa = XCBuildConfiguration;
			buildSettings = {
				CODE_SIGN_ENTITLEMENTS = DeviceActivityMonitorExtension/DeviceActivityMonitorExtension.entitlements;
				CODE_SIGN_STYLE = Automatic;
				CURRENT_PROJECT_VERSION = 1;
				GENERATE_INFOPLIST_FILE = YES;
				INFOPLIST_FILE = DeviceActivityMonitorExtension/Info.plist;
				INFOPLIST_KEY_CFBundleDisplayName = DeviceActivityMonitorExtension;
				INFOPLIST_KEY_NSHumanReadableCopyright = "";
				IPHONEOS_DEPLOYMENT_TARGET = 26.0;
				LD_RUNPATH_SEARCH_PATHS = (
					"$(inherited)",
					"@executable_path/Frameworks",
					"@executable_path/../../Frameworks",
				);
				MARKETING_VERSION = 1.3;
				PRODUCT_BUNDLE_IDENTIFIER = com.eliguzz.bootup.DeviceActivityMonitor;
				PRODUCT_NAME = "$(TARGET_NAME)";
				SKIP_INSTALL = YES;
				SWIFT_EMIT_LOC_STRINGS = YES;
				SWIFT_VERSION = 5.0;
				TARGETED_DEVICE_FAMILY = "1,2";
			};
			name = Release;
		};
/* End XCBuildConfiguration section */

/* Begin XCConfigurationList section */
		074564CF2FB2779C00A44341 /* Build configuration list for PBXProject "BootUp" */ = {
			isa = XCConfigurationList;
			buildConfigurations = (
				074564E02FB2779D00A44341 /* Debug */,
				074564E12FB2779D00A44341 /* Release */,
			);
			defaultConfigurationIsVisible = 0;
			defaultConfigurationName = Release;
		};
		074564E22FB2779D00A44341 /* Build configuration list for PBXNativeTarget "BootUp" */ = {
			isa = XCConfigurationList;
			buildConfigurations = (
				074564E32FB2779D00A44341 /* Debug */,
				074564E42FB2779D00A44341 /* Release */,
			);
			defaultConfigurationIsVisible = 0;
			defaultConfigurationName = Release;
		};
		074564FC2FB2788D00A44341 /* Build configuration list for PBXNativeTarget "ShieldActionExtension" */ = {
			isa = XCConfigurationList;
			buildConfigurations = (
				074564FD2FB2788D00A44341 /* Debug */,
				074564FE2FB2788D00A44341 /* Release */,
			);
			defaultConfigurationIsVisible = 0;
			defaultConfigurationName = Release;
		};
		074565102FB278A500A44341 /* Build configuration list for PBXNativeTarget "ShieldConfigurationExtension" */ = {
			isa = XCConfigurationList;
			buildConfigurations = (
				074565112FB278A500A44341 /* Debug */,
				074565122FB278A500A44341 /* Release */,
			);
			defaultConfigurationIsVisible = 0;
			defaultConfigurationName = Release;
		};
		074565222FB278BB00A44341 /* Build configuration list for PBXNativeTarget "DeviceActivityMonitorExtension" */ = {
			isa = XCConfigurationList;
			buildConfigurations = (
				074565232FB278BB00A44341 /* Debug */,
				074565242FB278BB00A44341 /* Release */,
			);
			defaultConfigurationIsVisible = 0;
			defaultConfigurationName = Release;
		};
/* End XCConfigurationList section */
	};
	rootObject = 074564CC2FB2779C00A44341 /* Project object */;
}
